{
  "name": "@n8d/htwoo-patterns",
  "version": "2.0.1",
  "lockfileVersion": 2,
  "requires": true,
  "packages": {
    "": {
      "name": "@n8d/htwoo-patterns",
      "version": "2.0.1",
      "funding": [
        {
          "type": "github",
          "url": "https://github.com/sponsors/StfBauer"
        },
        {
          "type": "github",
          "url": "https://github.com/sponsors/n8design"
        }
      ],
      "hasInstallScript": true,
      "license": "MIT"
    }
  }
}
