{
  "name": "@n8d/htwoo-patterns",
  "version": "2.0.1",
  "lockfileVersion": 2,
  "requires": true,
  "packages": {
    "": {
      "name": "@n8d/htwoo-patterns",
      "version": "2.0.1",
      "funding": [
        {
          "type": "github",
          "url": "https://github.com/sponsors/StfBauer"
        },
        {
          "type": "github",
          "url": "https://github.com/sponsors/n8design"
        }
      ],
      "hasInstallScript": true,
      "license": "MIT",
      "devDependencies": {
        "@n8d/htwoo-pattern-export": "file:../../tools/htwoo-patternexport"
      }
    },
    "../../tools/htwoo-patternexport": {
      "name": "@n8d/htwoo-pattern-export",
      "version": "1.0.0",
      "dev": true,
      "license": "MIT",
      "dependencies": {
        "chalk": "^5.6.2",
        "glob": "^13.0.0",
        "js-yaml": "^4.1.1"
      },
      "bin": {
        "htwoo-pattern-export": "dist/cli.js",
        "pattern-export": "dist/cli.js"
      },
      "devDependencies": {
        "@types/js-yaml": "^4.0.9",
        "@types/node": "^24.10.1",
        "tsx": "^4.20.6",
        "typescript": "^5.9.3"
      },
      "engines": {
        "node": ">=18.0.0"
      }
    },
    "node_modules/@n8d/htwoo-pattern-export": {
      "resolved": "../../tools/htwoo-patternexport",
      "link": true
    }
  },
  "dependencies": {
    "@n8d/htwoo-pattern-export": {
      "version": "file:../../tools/htwoo-patternexport",
      "requires": {
        "@types/js-yaml": "^4.0.9",
        "@types/node": "^24.10.1",
        "chalk": "^5.6.2",
        "glob": "^13.0.0",
        "js-yaml": "^4.1.1",
        "tsx": "^4.20.6",
        "typescript": "^5.9.3"
      }
    }
  }
}
